{
    "name": "@oscal/metaschema-model",
    "version": "0.0.0",
    "lockfileVersion": 2,
    "requires": true,
    "packages": {
        "": {
            "name": "@oscal/metaschema-model",
            "version": "0.0.0",
            "license": "NIST-PD-fallback",
            "dependencies": {
                "@oscal/metaschema-model-common": "^0.0.0"
            }
        },
        "../metaschema-model-common": {
            "name": "@oscal/metaschema-model-common",
            "version": "0.0.0",
            "license": "NIST-PD-fallback"
        },
        "node_modules/@oscal/metaschema-model-common": {
            "resolved": "../metaschema-model-common",
            "link": true
        }
    },
    "dependencies": {
        "@oscal/metaschema-model-common": {
            "version": "file:../metaschema-model-common"
        }
    }
}
