{
    "name": "@oscal/metaschema-model",
    "version": "0.0.0",
    "lockfileVersion": 2,
    "requires": true,
    "packages": {
        "": {
            "name": "@oscal/metaschema-model",
            "version": "0.0.0",
            "license": "NIST-PD-fallback",
            "dependencies": {
                "@oscal/metaschema-model-common": "^0.0.0",
                "fast-xml-parser": "^4.0.8"
            },
            "devDependencies": {}
        },
        "../metaschema-model-common": {
            "name": "@oscal/metaschema-model-common",
            "version": "0.0.0",
            "license": "NIST-PD-fallback"
        },
        "node_modules/@oscal/metaschema-model-common": {
            "resolved": "../metaschema-model-common",
            "link": true
        },
        "node_modules/fast-xml-parser": {
            "version": "4.0.8",
            "resolved": "https://registry.npmjs.org/fast-xml-parser/-/fast-xml-parser-4.0.8.tgz",
            "integrity": "sha512-N4XqZaRMuHMvOFwFlqeBTlvrnXU+QN8wvCl2g9fHzMx2BnLoIYRDwy6XwI8FxogHMFI9OfGQBCddgckvSLTnvg==",
            "dependencies": {
                "strnum": "^1.0.5"
            },
            "bin": {
                "fxparser": "src/cli/cli.js"
            },
            "funding": {
                "type": "paypal",
                "url": "https://paypal.me/naturalintelligence"
            }
        },
        "node_modules/strnum": {
            "version": "1.0.5",
            "resolved": "https://registry.npmjs.org/strnum/-/strnum-1.0.5.tgz",
            "integrity": "sha512-J8bbNyKKXl5qYcR36TIO8W3mVGVHrmmxsd5PAItGkmyzwJvybiw2IVq5nqd0i4LSNSkB/sx9VHllbfFdr9k1JA=="
        }
    },
    "dependencies": {
        "@oscal/metaschema-model-common": {
            "version": "file:../metaschema-model-common"
        },
        "fast-xml-parser": {
            "version": "4.0.8",
            "resolved": "https://registry.npmjs.org/fast-xml-parser/-/fast-xml-parser-4.0.8.tgz",
            "integrity": "sha512-N4XqZaRMuHMvOFwFlqeBTlvrnXU+QN8wvCl2g9fHzMx2BnLoIYRDwy6XwI8FxogHMFI9OfGQBCddgckvSLTnvg==",
            "requires": {
                "strnum": "^1.0.5"
            }
        },
        "strnum": {
            "version": "1.0.5",
            "resolved": "https://registry.npmjs.org/strnum/-/strnum-1.0.5.tgz",
            "integrity": "sha512-J8bbNyKKXl5qYcR36TIO8W3mVGVHrmmxsd5PAItGkmyzwJvybiw2IVq5nqd0i4LSNSkB/sx9VHllbfFdr9k1JA=="
        }
    }
}
